
Microsoft Visual Studio Solution File, Format Version 12.00
# Visual Studio Version 17
VisualStudioVersion = 17.8.34330.188
MinimumVisualStudioVersion = 10.0.40219.1
Project("{8BC9CEB8-8B4A-11D0-8D11-00A0C91BC942}") = "KOMUNIKATORI-TOPOLOGIJE-PRIMER5", "KOMUNIKATORI-TOPOLOGIJE-PRIMER5.vcxproj", "{F4AE61C1-0B8C-42CA-A765-BF1854685130}"
EndProject
Global
	GlobalSection(SolutionConfigurationPlatforms) = preSolution
		Debug|x64 = Debug|x64
		Debug|x86 = Debug|x86
		Release|x64 = Release|x64
		Release|x86 = Release|x86
	EndGlobalSection
	GlobalSection(ProjectConfigurationPlatforms) = postSolution
		{F4AE61C1-0B8C-42CA-A765-BF1854685130}.Debug|x64.ActiveCfg = Debug|x64
		{F4AE61C1-0B8C-42CA-A765-BF1854685130}.Debug|x64.Build.0 = Debug|x64
		{F4AE61C1-0B8C-42CA-A765-BF1854685130}.Debug|x86.ActiveCfg = Debug|Win32
		{F4AE61C1-0B8C-42CA-A765-BF1854685130}.Debug|x86.Build.0 = Debug|Win32
		{F4AE61C1-0B8C-42CA-A765-BF1854685130}.Release|x64.ActiveCfg = Release|x64
		{F4AE61C1-0B8C-42CA-A765-BF1854685130}.Release|x64.Build.0 = Release|x64
		{F4AE61C1-0B8C-42CA-A765-BF1854685130}.Release|x86.ActiveCfg = Release|Win32
		{F4AE61C1-0B8C-42CA-A765-BF1854685130}.Release|x86.Build.0 = Release|Win32
	EndGlobalSection
	GlobalSection(SolutionProperties) = preSolution
		HideSolutionNode = FALSE
	EndGlobalSection
	GlobalSection(ExtensibilityGlobals) = postSolution
		SolutionGuid = {69BD803A-FE52-4AC0-ADF6-E699F5D97EA6}
	EndGlobalSection
EndGlobal
