
Microsoft Visual Studio Solution File, Format Version 12.00
# Visual Studio Version 17
VisualStudioVersion = 17.8.34330.188
MinimumVisualStudioVersion = 10.0.40219.1
Project("{8BC9CEB8-8B4A-11D0-8D11-00A0C91BC942}") = "BLANKET-OKTOBARSKI-2023-ZAD3-OMP", "BLANKET-OKTOBARSKI-2023-ZAD3-OMP.vcxproj", "{FE7B7CF1-4FC3-46B2-B273-2D254F3F9680}"
EndProject
Global
	GlobalSection(SolutionConfigurationPlatforms) = preSolution
		Debug|x64 = Debug|x64
		Debug|x86 = Debug|x86
		Release|x64 = Release|x64
		Release|x86 = Release|x86
	EndGlobalSection
	GlobalSection(ProjectConfigurationPlatforms) = postSolution
		{FE7B7CF1-4FC3-46B2-B273-2D254F3F9680}.Debug|x64.ActiveCfg = Debug|x64
		{FE7B7CF1-4FC3-46B2-B273-2D254F3F9680}.Debug|x64.Build.0 = Debug|x64
		{FE7B7CF1-4FC3-46B2-B273-2D254F3F9680}.Debug|x86.ActiveCfg = Debug|Win32
		{FE7B7CF1-4FC3-46B2-B273-2D254F3F9680}.Debug|x86.Build.0 = Debug|Win32
		{FE7B7CF1-4FC3-46B2-B273-2D254F3F9680}.Release|x64.ActiveCfg = Release|x64
		{FE7B7CF1-4FC3-46B2-B273-2D254F3F9680}.Release|x64.Build.0 = Release|x64
		{FE7B7CF1-4FC3-46B2-B273-2D254F3F9680}.Release|x86.ActiveCfg = Release|Win32
		{FE7B7CF1-4FC3-46B2-B273-2D254F3F9680}.Release|x86.Build.0 = Release|Win32
	EndGlobalSection
	GlobalSection(SolutionProperties) = preSolution
		HideSolutionNode = FALSE
	EndGlobalSection
	GlobalSection(ExtensibilityGlobals) = postSolution
		SolutionGuid = {8DC6F0F9-CEBD-4738-AF43-1D545A19D417}
	EndGlobalSection
EndGlobal
